
Microsoft Visual Studio Solution File, Format Version 12.00
# Visual Studio Version 17
VisualStudioVersion = 17.13.35931.197 d17.13
MinimumVisualStudioVersion = 10.0.40219.1
Project("{FAE04EC0-301F-11D3-BF4B-00C04F79EFBC}") = "DashboardLeads", "DashboardLeads.csproj", "{F8B4FCC5-3B93-E1BA-9082-6FD3269805B3}"
EndProject
Global
	GlobalSection(SolutionConfigurationPlatforms) = preSolution
		Debug|Any CPU = Debug|Any CPU
		Release|Any CPU = Release|Any CPU
	EndGlobalSection
	GlobalSection(ProjectConfigurationPlatforms) = postSolution
		{F8B4FCC5-3B93-E1BA-9082-6FD3269805B3}.Debug|Any CPU.ActiveCfg = Debug|Any CPU
		{F8B4FCC5-3B93-E1BA-9082-6FD3269805B3}.Debug|Any CPU.Build.0 = Debug|Any CPU
		{F8B4FCC5-3B93-E1BA-9082-6FD3269805B3}.Release|Any CPU.ActiveCfg = Release|Any CPU
		{F8B4FCC5-3B93-E1BA-9082-6FD3269805B3}.Release|Any CPU.Build.0 = Release|Any CPU
	EndGlobalSection
	GlobalSection(SolutionProperties) = preSolution
		HideSolutionNode = FALSE
	EndGlobalSection
	GlobalSection(ExtensibilityGlobals) = postSolution
		SolutionGuid = {B3586B73-3CCD-460C-B478-8118BBD5CAC7}
	EndGlobalSection
EndGlobal
